
Microsoft Visual Studio Solution File, Format Version 12.00
# Visual Studio Version 17
VisualStudioVersion = 17.13.35818.85 d17.13
MinimumVisualStudioVersion = 10.0.40219.1
Project("{FAE04EC0-301F-11D3-BF4B-00C04F79EFBC}") = "Flight_Booking", "Flight_Booking.csproj", "{EDEF581C-EEF5-4105-B881-30612CE59192}"
EndProject
Global
	GlobalSection(SolutionConfigurationPlatforms) = preSolution
		Debug|Any CPU = Debug|Any CPU
		Release|Any CPU = Release|Any CPU
	EndGlobalSection
	GlobalSection(ProjectConfigurationPlatforms) = postSolution
		{EDEF581C-EEF5-4105-B881-30612CE59192}.Debug|Any CPU.ActiveCfg = Debug|Any CPU
		{EDEF581C-EEF5-4105-B881-30612CE59192}.Debug|Any CPU.Build.0 = Debug|Any CPU
		{EDEF581C-EEF5-4105-B881-30612CE59192}.Release|Any CPU.ActiveCfg = Release|Any CPU
		{EDEF581C-EEF5-4105-B881-30612CE59192}.Release|Any CPU.Build.0 = Release|Any CPU
	EndGlobalSection
	GlobalSection(SolutionProperties) = preSolution
		HideSolutionNode = FALSE
	EndGlobalSection
	GlobalSection(ExtensibilityGlobals) = postSolution
		SolutionGuid = {26A114B9-E795-4EB7-8122-93B7844EE202}
	EndGlobalSection
EndGlobal
